
Microsoft Visual Studio Solution File, Format Version 12.00
# Visual Studio Version 17
VisualStudioVersion = 17.8.34322.80
MinimumVisualStudioVersion = 10.0.40219.1
Project("{FAE04EC0-301F-11D3-BF4B-00C04F79EFBC}") = "AjaxTemp", "AjaxTemp\AjaxTemp.csproj", "{AA8FA4DC-3656-465E-B95D-7C212F77968E}"
EndProject
Global
	GlobalSection(SolutionConfigurationPlatforms) = preSolution
		Debug|Any CPU = Debug|Any CPU
		Release|Any CPU = Release|Any CPU
	EndGlobalSection
	GlobalSection(ProjectConfigurationPlatforms) = postSolution
		{AA8FA4DC-3656-465E-B95D-7C212F77968E}.Debug|Any CPU.ActiveCfg = Debug|Any CPU
		{AA8FA4DC-3656-465E-B95D-7C212F77968E}.Debug|Any CPU.Build.0 = Debug|Any CPU
		{AA8FA4DC-3656-465E-B95D-7C212F77968E}.Release|Any CPU.ActiveCfg = Release|Any CPU
		{AA8FA4DC-3656-465E-B95D-7C212F77968E}.Release|Any CPU.Build.0 = Release|Any CPU
	EndGlobalSection
	GlobalSection(SolutionProperties) = preSolution
		HideSolutionNode = FALSE
	EndGlobalSection
	GlobalSection(ExtensibilityGlobals) = postSolution
		SolutionGuid = {11677D89-F95F-4EE0-8F42-8E26EF1D1B87}
	EndGlobalSection
EndGlobal
